<?xml version="1.0" encoding="utf-8"?>
<Project ToolsVersion="4.0" xmlns="http://schemas.microsoft.com/developer/msbuild/2003">
  <ItemGroup>
    <Filter Include="Source Files">
      <UniqueIdentifier>{4FC737F1-C7A5-4376-A066-2A32D752A2FF}</UniqueIdentifier>
      <Extensions>cpp;c;cc;cxx;def;odl;idl;hpj;bat;asm;asmx</Extensions>
    </Filter>
    <Filter Include="Header Files">
      <UniqueIdentifier>{93995380-89BD-4b04-88EB-625FBE52EBFB}</UniqueIdentifier>
      <Extensions>h;hh;hpp;hxx;hm;inl;inc;xsd</Extensions>
    </Filter>
    <Filter Include="Header Files\Interfaces">
      <UniqueIdentifier>{0a56959c-1f7b-4d0b-ba34-4d0b6349346d}</UniqueIdentifier>
    </Filter>
    <Filter Include="Header Files\Implementations">
      <UniqueIdentifier>{88f0b227-61e7-482a-a212-bf67c8a08b9b}</UniqueIdentifier>
    </Filter>
    <Filter Include="Source Files\Implementations">
      <UniqueIdentifier>{f4e8a152-341f-40cb-a974-05848f611f82}</UniqueIdentifier>
    </Filter>
    <Filter Include="Header Files\Helpers">
      <UniqueIdentifier>{a80fb521-c99d-44a7-b808-5a5b30614768}</UniqueIdentifier>
    </Filter>
    <Filter Include="Source Files\Helpers">
      <UniqueIdentifier>{3e28a53d-92de-414d-8ad2-d880ac8e873e}</UniqueIdentifier>
    </Filter>
    <Filter Include="Header Files\Abstracts">
      <UniqueIdentifier>{02da0d6f-9b7f-4ca4-8d5d-901ba4e48eb1}</UniqueIdentifier>
    </Filter>
    <Filter Include="Source Files\Abstracts">
      <UniqueIdentifier>{2a8f3db8-b481-4cef-8d4a-7a14b0eda62a}</UniqueIdentifier>
    </Filter>
    <Filter Include="Header Files\Helpers\XML">
      <UniqueIdentifier>{4889481a-b3ff-4ba3-8642-6166c77000ac}</UniqueIdentifier>
    </Filter>
    <Filter Include="Source Files\Helpers\XML">
      <UniqueIdentifier>{3d64ca62-6819-4754-87c0-b62bc9d0e3f7}</UniqueIdentifier>
    </Filter>
  </ItemGroup>
  <ItemGroup>
    <ClCompile Include="Main.cpp">
      <Filter>Source Files</Filter>
    </ClCompile>
    <ClCompile Include="SocketException.cpp">
      <Filter>Source Files</Filter>
    </ClCompile>
    <ClCompile Include="SocketManager.cpp">
      <Filter>Source Files</Filter>
    </ClCompile>
    <ClCompile Include="_ClientImpl.cpp">
      <Filter>Source Files\Implementations</Filter>
    </ClCompile>
    <ClCompile Include="_GetRequestImpl.cpp">
      <Filter>Source Files\Implementations</Filter>
    </ClCompile>
    <ClCompile Include="_PostRequestImpl.cpp">
      <Filter>Source Files\Implementations</Filter>
    </ClCompile>
    <ClCompile Include="_ServerImpl.cpp">
      <Filter>Source Files\Implementations</Filter>
    </ClCompile>
    <ClCompile Include="DefaultResponse.cpp">
      <Filter>Source Files\Implementations</Filter>
    </ClCompile>
    <ClCompile Include="HTTPGetRequest.cpp">
      <Filter>Source Files\Implementations</Filter>
    </ClCompile>
    <ClCompile Include="HTTPPostRequest.cpp">
      <Filter>Source Files\Implementations</Filter>
    </ClCompile>
    <ClCompile Include="IP.cpp">
      <Filter>Source Files\Helpers</Filter>
    </ClCompile>
    <ClCompile Include="FileReader.cpp">
      <Filter>Source Files\Helpers</Filter>
    </ClCompile>
    <ClCompile Include="RequestParser.cpp">
      <Filter>Source Files\Helpers</Filter>
    </ClCompile>
    <ClCompile Include="HTTPBadRequest.cpp">
      <Filter>Source Files\Implementations</Filter>
    </ClCompile>
    <ClCompile Include="PipeListenerAbstract.cpp">
      <Filter>Source Files\Abstracts</Filter>
    </ClCompile>
    <ClCompile Include="HTTPListenerAbstract.cpp">
      <Filter>Source Files\Abstracts</Filter>
    </ClCompile>
    <ClCompile Include="HTTPServerConfigManager.cpp">
      <Filter>Source Files\Helpers</Filter>
    </ClCompile>
    <ClCompile Include="Node.cpp">
      <Filter>Source Files\Helpers\XML</Filter>
    </ClCompile>
    <ClCompile Include="XMLParser.cpp">
      <Filter>Source Files\Helpers\XML</Filter>
    </ClCompile>
    <ClCompile Include="HTTPPipeListenerAbstract.cpp">
      <Filter>Source Files</Filter>
    </ClCompile>
  </ItemGroup>
  <ItemGroup>
    <ClInclude Include="ReqestEventCallerAbstract.h">
      <Filter>Header Files</Filter>
    </ClInclude>
    <ClInclude Include="SocketException.h">
      <Filter>Header Files</Filter>
    </ClInclude>
    <ClInclude Include="SocketManager.h">
      <Filter>Header Files</Filter>
    </ClInclude>
    <ClInclude Include="IClient.h">
      <Filter>Header Files\Interfaces</Filter>
    </ClInclude>
    <ClInclude Include="IGetRequest.h">
      <Filter>Header Files\Interfaces</Filter>
    </ClInclude>
    <ClInclude Include="IMessageSender.h">
      <Filter>Header Files\Interfaces</Filter>
    </ClInclude>
    <ClInclude Include="IMetadata.h">
      <Filter>Header Files\Interfaces</Filter>
    </ClInclude>
    <ClInclude Include="IPipeElement.h">
      <Filter>Header Files\Interfaces</Filter>
    </ClInclude>
    <ClInclude Include="IPostRequest.h">
      <Filter>Header Files\Interfaces</Filter>
    </ClInclude>
    <ClInclude Include="IRequest.h">
      <Filter>Header Files\Interfaces</Filter>
    </ClInclude>
    <ClInclude Include="IResponse.h">
      <Filter>Header Files\Interfaces</Filter>
    </ClInclude>
    <ClInclude Include="IServer.h">
      <Filter>Header Files\Interfaces</Filter>
    </ClInclude>
    <ClInclude Include="IServerListener.h">
      <Filter>Header Files\Interfaces</Filter>
    </ClInclude>
    <ClInclude Include="_ClientImpl.h">
      <Filter>Header Files\Implementations</Filter>
    </ClInclude>
    <ClInclude Include="_GetRequestImpl.h">
      <Filter>Header Files\Implementations</Filter>
    </ClInclude>
    <ClInclude Include="_PostRequestImpl.h">
      <Filter>Header Files\Implementations</Filter>
    </ClInclude>
    <ClInclude Include="_ServerImpl.h">
      <Filter>Header Files\Implementations</Filter>
    </ClInclude>
    <ClInclude Include="HTTPPostRequest.h">
      <Filter>Header Files\Implementations</Filter>
    </ClInclude>
    <ClInclude Include="HTTPGetRequest.h">
      <Filter>Header Files\Implementations</Filter>
    </ClInclude>
    <ClInclude Include="DefaultResponse.h">
      <Filter>Header Files\Implementations</Filter>
    </ClInclude>
    <ClInclude Include="FileReader.h">
      <Filter>Header Files\Helpers</Filter>
    </ClInclude>
    <ClInclude Include="IP.h">
      <Filter>Header Files\Helpers</Filter>
    </ClInclude>
    <ClInclude Include="RequestParser.h">
      <Filter>Header Files\Helpers</Filter>
    </ClInclude>
    <ClInclude Include="HTTPBadRequest.h">
      <Filter>Header Files\Implementations</Filter>
    </ClInclude>
    <ClInclude Include="HTTP.h">
      <Filter>Header Files\Helpers</Filter>
    </ClInclude>
    <ClInclude Include="PipeListenerAbstract.h">
      <Filter>Header Files\Abstracts</Filter>
    </ClInclude>
    <ClInclude Include="HTTPListenerAbstract.h">
      <Filter>Header Files\Abstracts</Filter>
    </ClInclude>
    <ClInclude Include="HTTPServerConfigManager.h">
      <Filter>Header Files\Helpers</Filter>
    </ClInclude>
    <ClInclude Include="Node.h">
      <Filter>Header Files\Helpers\XML</Filter>
    </ClInclude>
    <ClInclude Include="XMLParser.h">
      <Filter>Header Files\Helpers\XML</Filter>
    </ClInclude>
    <ClInclude Include="HTTPPipeListenerAbstract.h">
      <Filter>Header Files</Filter>
    </ClInclude>
  </ItemGroup>
</Project>