<?xml version="1.0" encoding="utf-8"?>
<Project ToolsVersion="4.0" xmlns="http://schemas.microsoft.com/developer/msbuild/2003">
  <ItemGroup>
    <Filter Include="Source Files">
      <UniqueIdentifier>{4FC737F1-C7A5-4376-A066-2A32D752A2FF}</UniqueIdentifier>
      <Extensions>cpp;c;cc;cxx;def;odl;idl;hpj;bat;asm;asmx</Extensions>
    </Filter>
    <Filter Include="Header Files">
      <UniqueIdentifier>{93995380-89BD-4b04-88EB-625FBE52EBFB}</UniqueIdentifier>
      <Extensions>h;hh;hpp;hxx;hm;inl;inc;xsd</Extensions>
    </Filter>
  </ItemGroup>
  <ItemGroup>
    <ClCompile Include="..\..\..\..\Visual Studio 2013\Projects\WSockReturnTst\WSockReturnTst\_ClientImpl.cpp">
      <Filter>Source Files</Filter>
    </ClCompile>
    <ClCompile Include="..\..\..\..\Visual Studio 2013\Projects\WSockReturnTst\WSockReturnTst\_GetRequestImpl.cpp">
      <Filter>Source Files</Filter>
    </ClCompile>
    <ClCompile Include="..\..\..\..\Visual Studio 2013\Projects\WSockReturnTst\WSockReturnTst\_PostRequestImpl.cpp">
      <Filter>Source Files</Filter>
    </ClCompile>
    <ClCompile Include="..\..\..\..\Visual Studio 2013\Projects\WSockReturnTst\WSockReturnTst\_ServerImpl.cpp">
      <Filter>Source Files</Filter>
    </ClCompile>
    <ClCompile Include="..\..\..\..\Visual Studio 2013\Projects\WSockReturnTst\WSockReturnTst\DefaultResponse.cpp">
      <Filter>Source Files</Filter>
    </ClCompile>
    <ClCompile Include="..\..\..\..\Visual Studio 2013\Projects\WSockReturnTst\WSockReturnTst\FileReader.cpp">
      <Filter>Source Files</Filter>
    </ClCompile>
    <ClCompile Include="..\..\..\..\Visual Studio 2013\Projects\WSockReturnTst\WSockReturnTst\HTTPGetRequest.cpp">
      <Filter>Source Files</Filter>
    </ClCompile>
    <ClCompile Include="..\..\..\..\Visual Studio 2013\Projects\WSockReturnTst\WSockReturnTst\HTTPListenerAbstract.cpp">
      <Filter>Source Files</Filter>
    </ClCompile>
    <ClCompile Include="..\..\..\..\Visual Studio 2013\Projects\WSockReturnTst\WSockReturnTst\HTTPPostRequest.cpp">
      <Filter>Source Files</Filter>
    </ClCompile>
    <ClCompile Include="..\..\..\..\Visual Studio 2013\Projects\WSockReturnTst\WSockReturnTst\IP.cpp">
      <Filter>Source Files</Filter>
    </ClCompile>
    <ClCompile Include="..\..\..\..\Visual Studio 2013\Projects\WSockReturnTst\WSockReturnTst\Main.cpp">
      <Filter>Source Files</Filter>
    </ClCompile>
    <ClCompile Include="..\..\..\..\Visual Studio 2013\Projects\WSockReturnTst\WSockReturnTst\PipeListener.cpp">
      <Filter>Source Files</Filter>
    </ClCompile>
    <ClCompile Include="..\..\..\..\Visual Studio 2013\Projects\WSockReturnTst\WSockReturnTst\RequestParser.cpp">
      <Filter>Source Files</Filter>
    </ClCompile>
    <ClCompile Include="..\..\..\..\Visual Studio 2013\Projects\WSockReturnTst\WSockReturnTst\SocketException.cpp">
      <Filter>Source Files</Filter>
    </ClCompile>
    <ClCompile Include="..\..\..\..\Visual Studio 2013\Projects\WSockReturnTst\WSockReturnTst\SocketManager.cpp">
      <Filter>Source Files</Filter>
    </ClCompile>
  </ItemGroup>
  <ItemGroup>
    <ClInclude Include="..\..\..\..\Visual Studio 2013\Projects\WSockReturnTst\WSockReturnTst\_ClientImpl.h">
      <Filter>Header Files</Filter>
    </ClInclude>
    <ClInclude Include="..\..\..\..\Visual Studio 2013\Projects\WSockReturnTst\WSockReturnTst\_GetRequestImpl.h">
      <Filter>Header Files</Filter>
    </ClInclude>
    <ClInclude Include="..\..\..\..\Visual Studio 2013\Projects\WSockReturnTst\WSockReturnTst\_PostRequestImpl.h">
      <Filter>Header Files</Filter>
    </ClInclude>
    <ClInclude Include="..\..\..\..\Visual Studio 2013\Projects\WSockReturnTst\WSockReturnTst\_ServerImpl.h">
      <Filter>Header Files</Filter>
    </ClInclude>
    <ClInclude Include="..\..\..\..\Visual Studio 2013\Projects\WSockReturnTst\WSockReturnTst\Data.h">
      <Filter>Header Files</Filter>
    </ClInclude>
    <ClInclude Include="..\..\..\..\Visual Studio 2013\Projects\WSockReturnTst\WSockReturnTst\DefaultResponse.h">
      <Filter>Header Files</Filter>
    </ClInclude>
    <ClInclude Include="..\..\..\..\Visual Studio 2013\Projects\WSockReturnTst\WSockReturnTst\FileReader.h">
      <Filter>Header Files</Filter>
    </ClInclude>
    <ClInclude Include="..\..\..\..\Visual Studio 2013\Projects\WSockReturnTst\WSockReturnTst\HTTPGetRequest.h">
      <Filter>Header Files</Filter>
    </ClInclude>
    <ClInclude Include="..\..\..\..\Visual Studio 2013\Projects\WSockReturnTst\WSockReturnTst\HTTPListenerAbstract.h">
      <Filter>Header Files</Filter>
    </ClInclude>
    <ClInclude Include="..\..\..\..\Visual Studio 2013\Projects\WSockReturnTst\WSockReturnTst\HTTPPostRequest.h">
      <Filter>Header Files</Filter>
    </ClInclude>
    <ClInclude Include="..\..\..\..\Visual Studio 2013\Projects\WSockReturnTst\WSockReturnTst\IClient.h">
      <Filter>Header Files</Filter>
    </ClInclude>
    <ClInclude Include="..\..\..\..\Visual Studio 2013\Projects\WSockReturnTst\WSockReturnTst\IGetRequest.h">
      <Filter>Header Files</Filter>
    </ClInclude>
    <ClInclude Include="..\..\..\..\Visual Studio 2013\Projects\WSockReturnTst\WSockReturnTst\IMessageSender.h">
      <Filter>Header Files</Filter>
    </ClInclude>
    <ClInclude Include="..\..\..\..\Visual Studio 2013\Projects\WSockReturnTst\WSockReturnTst\IMetadata.h">
      <Filter>Header Files</Filter>
    </ClInclude>
    <ClInclude Include="..\..\..\..\Visual Studio 2013\Projects\WSockReturnTst\WSockReturnTst\IP.h">
      <Filter>Header Files</Filter>
    </ClInclude>
    <ClInclude Include="..\..\..\..\Visual Studio 2013\Projects\WSockReturnTst\WSockReturnTst\IPipeElement.h">
      <Filter>Header Files</Filter>
    </ClInclude>
    <ClInclude Include="..\..\..\..\Visual Studio 2013\Projects\WSockReturnTst\WSockReturnTst\IPostRequest.h">
      <Filter>Header Files</Filter>
    </ClInclude>
    <ClInclude Include="..\..\..\..\Visual Studio 2013\Projects\WSockReturnTst\WSockReturnTst\IRequest.h">
      <Filter>Header Files</Filter>
    </ClInclude>
    <ClInclude Include="..\..\..\..\Visual Studio 2013\Projects\WSockReturnTst\WSockReturnTst\IResponse.h">
      <Filter>Header Files</Filter>
    </ClInclude>
    <ClInclude Include="..\..\..\..\Visual Studio 2013\Projects\WSockReturnTst\WSockReturnTst\IServer.h">
      <Filter>Header Files</Filter>
    </ClInclude>
    <ClInclude Include="..\..\..\..\Visual Studio 2013\Projects\WSockReturnTst\WSockReturnTst\IServerListener.h">
      <Filter>Header Files</Filter>
    </ClInclude>
    <ClInclude Include="..\..\..\..\Visual Studio 2013\Projects\WSockReturnTst\WSockReturnTst\PipeListener.h">
      <Filter>Header Files</Filter>
    </ClInclude>
    <ClInclude Include="..\..\..\..\Visual Studio 2013\Projects\WSockReturnTst\WSockReturnTst\ReqestEventCallerAbstract.h">
      <Filter>Header Files</Filter>
    </ClInclude>
    <ClInclude Include="..\..\..\..\Visual Studio 2013\Projects\WSockReturnTst\WSockReturnTst\RequestParser.h">
      <Filter>Header Files</Filter>
    </ClInclude>
    <ClInclude Include="..\..\..\..\Visual Studio 2013\Projects\WSockReturnTst\WSockReturnTst\SocketException.h">
      <Filter>Header Files</Filter>
    </ClInclude>
    <ClInclude Include="..\..\..\..\Visual Studio 2013\Projects\WSockReturnTst\WSockReturnTst\SocketManager.h">
      <Filter>Header Files</Filter>
    </ClInclude>
  </ItemGroup>
</Project>